// !$*UTF8*$!
{
	archiveVersion = 1;
	classes = {
	};
	objectVersion = 51;
	objects = {

/* Begin PBXBuildFile section */
		0C6FD02E8DC336EE08951A0B /* Pods_audioPlayer.framework in Frameworks */ = {isa = PBXBuildFile; fileRef = 6CEC95FDDEE53FE6455DE9A2 /* Pods_audioPlayer.framework */; };
		E808C569259DAB9E00BE534D /* AppDelegate.swift in Sources */ = {isa = PBXBuildFile; fileRef = E808C568259DAB9E00BE534D /* AppDelegate.swift */; };
		E808C56B259DAB9E00BE534D /* SceneDelegate.swift in Sources */ = {isa = PBXBuildFile; fileRef = E808C56A259DAB9E00BE534D /* SceneDelegate.swift */; };
		E808C56D259DAB9E00BE534D /* ViewController.swift in Sources */ = {isa = PBXBuildFile; fileRef = E808C56C259DAB9E00BE534D /* ViewController.swift */; };
		E808C570259DAB9E00BE534D /* Main.storyboard in Resources */ = {isa = PBXBuildFile; fileRef = E808C56E259DAB9E00BE534D /* Main.storyboard */; };
		E808C572259DABA000BE534D /* Assets.xcassets in Resources */ = {isa = PBXBuildFile; fileRef = E808C571259DABA000BE534D /* Assets.xcassets */; };
		E808C575259DABA000BE534D /* LaunchScreen.storyboard in Resources */ = {isa = PBXBuildFile; fileRef = E808C573259DABA000BE534D /* LaunchScreen.storyboard */; };
		E808C592259DCE2000BE534D /* RealtimeAnalyzer.m in Sources */ = {isa = PBXBuildFile; fileRef = E808C58F259DCE2000BE534D /* RealtimeAnalyzer.m */; };
		E808C593259DCE2000BE534D /* SpectrumView.m in Sources */ = {isa = PBXBuildFile; fileRef = E808C591259DCE2000BE534D /* SpectrumView.m */; };
/* End PBXBuildFile section */

/* Begin PBXCopyFilesBuildPhase section */
		E86E25D525A430CC00DBEBD4 /* Embed Frameworks */ = {
			isa = PBXCopyFilesBuildPhase;
			buildActionMask = 2147483647;
			dstPath = "";
			dstSubfolderSpec = 10;
			files = (
			);
			name = "Embed Frameworks";
			runOnlyForDeploymentPostprocessing = 0;
		};
/* End PBXCopyFilesBuildPhase section */

/* Begin PBXFileReference section */
		6CEC95FDDEE53FE6455DE9A2 /* Pods_audioPlayer.framework */ = {isa = PBXFileReference; explicitFileType = wrapper.framework; includeInIndex = 0; path = Pods_audioPlayer.framework; sourceTree = BUILT_PRODUCTS_DIR; };
		C072260B1A637CFCAB67549B /* Pods-audioPlayer.debug.xcconfig */ = {isa = PBXFileReference; includeInIndex = 1; lastKnownFileType = text.xcconfig; name = "Pods-audioPlayer.debug.xcconfig"; path = "Target Support Files/Pods-audioPlayer/Pods-audioPlayer.debug.xcconfig"; sourceTree = "<group>"; };
		C0F787AA2C233C8AE8FC68E6 /* Pods-audioPlayer.release.xcconfig */ = {isa = PBXFileReference; includeInIndex = 1; lastKnownFileType = text.xcconfig; name = "Pods-audioPlayer.release.xcconfig"; path = "Target Support Files/Pods-audioPlayer/Pods-audioPlayer.release.xcconfig"; sourceTree = "<group>"; };
		E808C565259DAB9E00BE534D /* audioPlayer.app */ = {isa = PBXFileReference; explicitFileType = wrapper.application; includeInIndex = 0; path = audioPlayer.app; sourceTree = BUILT_PRODUCTS_DIR; };
		E808C568259DAB9E00BE534D /* AppDelegate.swift */ = {isa = PBXFileReference; lastKnownFileType = sourcecode.swift; path = AppDelegate.swift; sourceTree = "<group>"; };
		E808C56A259DAB9E00BE534D /* SceneDelegate.swift */ = {isa = PBXFileReference; lastKnownFileType = sourcecode.swift; path = SceneDelegate.swift; sourceTree = "<group>"; };
		E808C56C259DAB9E00BE534D /* ViewController.swift */ = {isa = PBXFileReference; lastKnownFileType = sourcecode.swift; path = ViewController.swift; sourceTree = "<group>"; };
		E808C56F259DAB9E00BE534D /* Base */ = {isa = PBXFileReference; lastKnownFileType = file.storyboard; name = Base; path = Base.lproj/Main.storyboard; sourceTree = "<group>"; };
		E808C571259DABA000BE534D /* Assets.xcassets */ = {isa = PBXFileReference; lastKnownFileType = folder.assetcatalog; path = Assets.xcassets; sourceTree = "<group>"; };
		E808C574259DABA000BE534D /* Base */ = {isa = PBXFileReference; lastKnownFileType = file.storyboard; name = Base; path = Base.lproj/LaunchScreen.storyboard; sourceTree = "<group>"; };
		E808C576259DABA000BE534D /* Info.plist */ = {isa = PBXFileReference; lastKnownFileType = text.plist.xml; path = Info.plist; sourceTree = "<group>"; };
		E808C58D259DCE1F00BE534D /* audioPlayer-Bridging-Header.h */ = {isa = PBXFileReference; lastKnownFileType = sourcecode.c.h; path = "audioPlayer-Bridging-Header.h"; sourceTree = "<group>"; };
		E808C58E259DCE2000BE534D /* RealtimeAnalyzer.h */ = {isa = PBXFileReference; fileEncoding = 4; lastKnownFileType = sourcecode.c.h; path = RealtimeAnalyzer.h; sourceTree = "<group>"; };
		E808C58F259DCE2000BE534D /* RealtimeAnalyzer.m */ = {isa = PBXFileReference; fileEncoding = 4; lastKnownFileType = sourcecode.c.objc; path = RealtimeAnalyzer.m; sourceTree = "<group>"; };
		E808C590259DCE2000BE534D /* SpectrumView.h */ = {isa = PBXFileReference; fileEncoding = 4; lastKnownFileType = sourcecode.c.h; path = SpectrumView.h; sourceTree = "<group>"; };
		E808C591259DCE2000BE534D /* SpectrumView.m */ = {isa = PBXFileReference; fileEncoding = 4; lastKnownFileType = sourcecode.c.objc; path = SpectrumView.m; sourceTree = "<group>"; };
/* End PBXFileReference section */

/* Begin PBXFrameworksBuildPhase section */
		E808C562259DAB9E00BE534D /* Frameworks */ = {
			isa = PBXFrameworksBuildPhase;
			buildActionMask = 2147483647;
			files = (
				0C6FD02E8DC336EE08951A0B /* Pods_audioPlayer.framework in Frameworks */,
			);
			runOnlyForDeploymentPostprocessing = 0;
		};
/* End PBXFrameworksBuildPhase section */

/* Begin PBXGroup section */
		35F781C925A7B08A15A0EB03 /* Frameworks */ = {
			isa = PBXGroup;
			children = (
				6CEC95FDDEE53FE6455DE9A2 /* Pods_audioPlayer.framework */,
			);
			name = Frameworks;
			sourceTree = "<group>";
		};
		B59E4ED1AEADC2145C795BE0 /* Pods */ = {
			isa = PBXGroup;
			children = (
				C072260B1A637CFCAB67549B /* Pods-audioPlayer.debug.xcconfig */,
				C0F787AA2C233C8AE8FC68E6 /* Pods-audioPlayer.release.xcconfig */,
			);
			path = Pods;
			sourceTree = "<group>";
		};
		E808C55C259DAB9E00BE534D = {
			isa = PBXGroup;
			children = (
				E808C567259DAB9E00BE534D /* audioPlayer */,
				E808C566259DAB9E00BE534D /* Products */,
				B59E4ED1AEADC2145C795BE0 /* Pods */,
				35F781C925A7B08A15A0EB03 /* Frameworks */,
			);
			sourceTree = "<group>";
		};
		E808C566259DAB9E00BE534D /* Products */ = {
			isa = PBXGroup;
			children = (
				E808C565259DAB9E00BE534D /* audioPlayer.app */,
			);
			name = Products;
			sourceTree = "<group>";
		};
		E808C567259DAB9E00BE534D /* audioPlayer */ = {
			isa = PBXGroup;
			children = (
				E808C58C259DCE0D00BE534D /* a */,
				E808C568259DAB9E00BE534D /* AppDelegate.swift */,
				E808C56A259DAB9E00BE534D /* SceneDelegate.swift */,
				E808C56C259DAB9E00BE534D /* ViewController.swift */,
				E808C56E259DAB9E00BE534D /* Main.storyboard */,
				E808C571259DABA000BE534D /* Assets.xcassets */,
				E808C573259DABA000BE534D /* LaunchScreen.storyboard */,
				E808C576259DABA000BE534D /* Info.plist */,
			);
			path = audioPlayer;
			sourceTree = "<group>";
		};
		E808C58C259DCE0D00BE534D /* a */ = {
			isa = PBXGroup;
			children = (
				E808C58E259DCE2000BE534D /* RealtimeAnalyzer.h */,
				E808C58F259DCE2000BE534D /* RealtimeAnalyzer.m */,
				E808C590259DCE2000BE534D /* SpectrumView.h */,
				E808C591259DCE2000BE534D /* SpectrumView.m */,
				E808C58D259DCE1F00BE534D /* audioPlayer-Bridging-Header.h */,
			);
			path = a;
			sourceTree = "<group>";
		};
/* End PBXGroup section */

/* Begin PBXNativeTarget section */
		E808C564259DAB9E00BE534D /* audioPlayer */ = {
			isa = PBXNativeTarget;
			buildConfigurationList = E808C579259DABA000BE534D /* Build configuration list for PBXNativeTarget "audioPlayer" */;
			buildPhases = (
				13787811BA1838AFC6E04AD3 /* [CP] Check Pods Manifest.lock */,
				E808C561259DAB9E00BE534D /* Sources */,
				E808C562259DAB9E00BE534D /* Frameworks */,
				E808C563259DAB9E00BE534D /* Resources */,
				A8350CA7DED39D5A500B891C /* [CP] Embed Pods Frameworks */,
				E86E25D525A430CC00DBEBD4 /* Embed Frameworks */,
			);
			buildRules = (
			);
			dependencies = (
			);
			name = audioPlayer;
			productName = audioPlayer;
			productReference = E808C565259DAB9E00BE534D /* audioPlayer.app */;
			productType = "com.apple.product-type.application";
		};
/* End PBXNativeTarget section */

/* Begin PBXProject section */
		E808C55D259DAB9E00BE534D /* Project object */ = {
			isa = PBXProject;
			attributes = {
				LastSwiftUpdateCheck = 1230;
				LastUpgradeCheck = 1230;
				TargetAttributes = {
					E808C564259DAB9E00BE534D = {
						CreatedOnToolsVersion = 12.3;
						LastSwiftMigration = 1230;
					};
				};
			};
			buildConfigurationList = E808C560259DAB9E00BE534D /* Build configuration list for PBXProject "audioPlayer" */;
			compatibilityVersion = "Xcode 9.3";
			developmentRegion = en;
			hasScannedForEncodings = 0;
			knownRegions = (
				en,
				Base,
			);
			mainGroup = E808C55C259DAB9E00BE534D;
			productRefGroup = E808C566259DAB9E00BE534D /* Products */;
			projectDirPath = "";
			projectRoot = "";
			targets = (
				E808C564259DAB9E00BE534D /* audioPlayer */,
			);
		};
/* End PBXProject section */

/* Begin PBXResourcesBuildPhase section */
		E808C563259DAB9E00BE534D /* Resources */ = {
			isa = PBXResourcesBuildPhase;
			buildActionMask = 2147483647;
			files = (
				E808C575259DABA000BE534D /* LaunchScreen.storyboard in Resources */,
				E808C572259DABA000BE534D /* Assets.xcassets in Resources */,
				E808C570259DAB9E00BE534D /* Main.storyboard in Resources */,
			);
			runOnlyForDeploymentPostprocessing = 0;
		};
/* End PBXResourcesBuildPhase section */

/* Begin PBXShellScriptBuildPhase section */
		13787811BA1838AFC6E04AD3 /* [CP] Check Pods Manifest.lock */ = {
			isa = PBXShellScriptBuildPhase;
			buildActionMask = 2147483647;
			files = (
			);
			inputFileListPaths = (
			);
			inputPaths = (
				"${PODS_PODFILE_DIR_PATH}/Podfile.lock",
				"${PODS_ROOT}/Manifest.lock",
			);
			name = "[CP] Check Pods Manifest.lock";
			outputFileListPaths = (
			);
			outputPaths = (
				"$(DERIVED_FILE_DIR)/Pods-audioPlayer-checkManifestLockResult.txt",
			);
			runOnlyForDeploymentPostprocessing = 0;
			shellPath = /bin/sh;
			shellScript = "diff \"${PODS_PODFILE_DIR_PATH}/Podfile.lock\" \"${PODS_ROOT}/Manifest.lock\" > /dev/null\nif [ $? != 0 ] ; then\n    # print error to STDERR\n    echo \"error: The sandbox is not in sync with the Podfile.lock. Run 'pod install' or update your CocoaPods installation.\" >&2\n    exit 1\nfi\n# This output is used by Xcode 'outputs' to avoid re-running this script phase.\necho \"SUCCESS\" > \"${SCRIPT_OUTPUT_FILE_0}\"\n";
			showEnvVarsInLog = 0;
		};
		A8350CA7DED39D5A500B891C /* [CP] Embed Pods Frameworks */ = {
			isa = PBXShellScriptBuildPhase;
			buildActionMask = 2147483647;
			files = (
			);
			inputFileListPaths = (
				"${PODS_ROOT}/Target Support Files/Pods-audioPlayer/Pods-audioPlayer-frameworks-${CONFIGURATION}-input-files.xcfilelist",
			);
			name = "[CP] Embed Pods Frameworks";
			outputFileListPaths = (
				"${PODS_ROOT}/Target Support Files/Pods-audioPlayer/Pods-audioPlayer-frameworks-${CONFIGURATION}-output-files.xcfilelist",
			);
			runOnlyForDeploymentPostprocessing = 0;
			shellPath = /bin/sh;
			shellScript = "\"${PODS_ROOT}/Target Support Files/Pods-audioPlayer/Pods-audioPlayer-frameworks.sh\"\n";
			showEnvVarsInLog = 0;
		};
/* End PBXShellScriptBuildPhase section */

/* Begin PBXSourcesBuildPhase section */
		E808C561259DAB9E00BE534D /* Sources */ = {
			isa = PBXSourcesBuildPhase;
			buildActionMask = 2147483647;
			files = (
				E808C593259DCE2000BE534D /* SpectrumView.m in Sources */,
				E808C56D259DAB9E00BE534D /* ViewController.swift in Sources */,
				E808C569259DAB9E00BE534D /* AppDelegate.swift in Sources */,
				E808C592259DCE2000BE534D /* RealtimeAnalyzer.m in Sources */,
				E808C56B259DAB9E00BE534D /* SceneDelegate.swift in Sources */,
			);
			runOnlyForDeploymentPostprocessing = 0;
		};
/* End PBXSourcesBuildPhase section */

/* Begin PBXVariantGroup section */
		E808C56E259DAB9E00BE534D /* Main.storyboard */ = {
			isa = PBXVariantGroup;
			children = (
				E808C56F259DAB9E00BE534D /* Base */,
			);
			name = Main.storyboard;
			sourceTree = "<group>";
		};
		E808C573259DABA000BE534D /* LaunchScreen.storyboard */ = {
			isa = PBXVariantGroup;
			children = (
				E808C574259DABA000BE534D /* Base */,
			);
			name = LaunchScreen.storyboard;
			sourceTree = "<group>";
		};
/* End PBXVariantGroup section */

/* Begin XCBuildConfiguration section */
		E808C577259DABA000BE534D /* Debug */ = {
			isa = XCBuildConfiguration;
			buildSettings = {
				ALWAYS_SEARCH_USER_PATHS = NO;
				CLANG_ANALYZER_NONNULL = YES;
				CLANG_ANALYZER_NUMBER_OBJECT_CONVERSION = YES_AGGRESSIVE;
				CLANG_CXX_LANGUAGE_STANDARD = "gnu++14";
				CLANG_CXX_LIBRARY = "libc++";
				CLANG_ENABLE_MODULES = YES;
				CLANG_ENABLE_OBJC_ARC = YES;
				CLANG_ENABLE_OBJC_WEAK = YES;
				CLANG_WARN_BLOCK_CAPTURE_AUTORELEASING = YES;
				CLANG_WARN_BOOL_CONVERSION = YES;
				CLANG_WARN_COMMA = YES;
				CLANG_WARN_CONSTANT_CONVERSION = YES;
				CLANG_WARN_DEPRECATED_OBJC_IMPLEMENTATIONS = YES;
				CLANG_WARN_DIRECT_OBJC_ISA_USAGE = YES_ERROR;
				CLANG_WARN_DOCUMENTATION_COMMENTS = YES;
				CLANG_WARN_EMPTY_BODY = YES;
				CLANG_WARN_ENUM_CONVERSION = YES;
				CLANG_WARN_INFINITE_RECURSION = YES;
				CLANG_WARN_INT_CONVERSION = YES;
				CLANG_WARN_NON_LITERAL_NULL_CONVERSION = YES;
				CLANG_WARN_OBJC_IMPLICIT_RETAIN_SELF = YES;
				CLANG_WARN_OBJC_LITERAL_CONVERSION = YES;
				CLANG_WARN_OBJC_ROOT_CLASS = YES_ERROR;
				CLANG_WARN_QUOTED_INCLUDE_IN_FRAMEWORK_HEADER = YES;
				CLANG_WARN_RANGE_LOOP_ANALYSIS = YES;
				CLANG_WARN_STRICT_PROTOTYPES = YES;
				CLANG_WARN_SUSPICIOUS_MOVE = YES;
				CLANG_WARN_UNGUARDED_AVAILABILITY = YES_AGGRESSIVE;
				CLANG_WARN_UNREACHABLE_CODE = YES;
				CLANG_WARN__DUPLICATE_METHOD_MATCH = YES;
				COPY_PHASE_STRIP = NO;
				DEBUG_INFORMATION_FORMAT = dwarf;
				ENABLE_STRICT_OBJC_MSGSEND = YES;
				ENABLE_TESTABILITY = YES;
				GCC_C_LANGUAGE_STANDARD = gnu11;
				GCC_DYNAMIC_NO_PIC = NO;
				GCC_NO_COMMON_BLOCKS = YES;
				GCC_OPTIMIZATION_LEVEL = 0;
				GCC_PREPROCESSOR_DEFINITIONS = (
					"DEBUG=1",
					"$(inherited)",
				);
				GCC_WARN_64_TO_32_BIT_CONVERSION = YES;
				GCC_WARN_ABOUT_RETURN_TYPE = YES_ERROR;
				GCC_WARN_UNDECLARED_SELECTOR = YES;
				GCC_WARN_UNINITIALIZED_AUTOS = YES_AGGRESSIVE;
				GCC_WARN_UNUSED_FUNCTION = YES;
				GCC_WARN_UNUSED_VARIABLE = YES;
				IPHONEOS_DEPLOYMENT_TARGET = 14.3;
				MTL_ENABLE_DEBUG_INFO = INCLUDE_SOURCE;
				MTL_FAST_MATH = YES;
				ONLY_ACTIVE_ARCH = YES;
				SDKROOT = iphoneos;
				SWIFT_ACTIVE_COMPILATION_CONDITIONS = DEBUG;
				SWIFT_OPTIMIZATION_LEVEL = "-Onone";
			};
			name = Debug;
		};
		E808C578259DABA000BE534D /* Release */ = {
			isa = XCBuildConfiguration;
			buildSettings = {
				ALWAYS_SEARCH_USER_PATHS = NO;
				CLANG_ANALYZER_NONNULL = YES;
				CLANG_ANALYZER_NUMBER_OBJECT_CONVERSION = YES_AGGRESSIVE;
				CLANG_CXX_LANGUAGE_STANDARD = "gnu++14";
				CLANG_CXX_LIBRARY = "libc++";
				CLANG_ENABLE_MODULES = YES;
				CLANG_ENABLE_OBJC_ARC = YES;
				CLANG_ENABLE_OBJC_WEAK = YES;
				CLANG_WARN_BLOCK_CAPTURE_AUTORELEASING = YES;
				CLANG_WARN_BOOL_CONVERSION = YES;
				CLANG_WARN_COMMA = YES;
				CLANG_WARN_CONSTANT_CONVERSION = YES;
				CLANG_WARN_DEPRECATED_OBJC_IMPLEMENTATIONS = YES;
				CLANG_WARN_DIRECT_OBJC_ISA_USAGE = YES_ERROR;
				CLANG_WARN_DOCUMENTATION_COMMENTS = YES;
				CLANG_WARN_EMPTY_BODY = YES;
				CLANG_WARN_ENUM_CONVERSION = YES;
				CLANG_WARN_INFINITE_RECURSION = YES;
				CLANG_WARN_INT_CONVERSION = YES;
				CLANG_WARN_NON_LITERAL_NULL_CONVERSION = YES;
				CLANG_WARN_OBJC_IMPLICIT_RETAIN_SELF = YES;
				CLANG_WARN_OBJC_LITERAL_CONVERSION = YES;
				CLANG_WARN_OBJC_ROOT_CLASS = YES_ERROR;
				CLANG_WARN_QUOTED_INCLUDE_IN_FRAMEWORK_HEADER = YES;
				CLANG_WARN_RANGE_LOOP_ANALYSIS = YES;
				CLANG_WARN_STRICT_PROTOTYPES = YES;
				CLANG_WARN_SUSPICIOUS_MOVE = YES;
				CLANG_WARN_UNGUARDED_AVAILABILITY = YES_AGGRESSIVE;
				CLANG_WARN_UNREACHABLE_CODE = YES;
				CLANG_WARN__DUPLICATE_METHOD_MATCH = YES;
				COPY_PHASE_STRIP = NO;
				DEBUG_INFORMATION_FORMAT = "dwarf-with-dsym";
				ENABLE_NS_ASSERTIONS = NO;
				ENABLE_STRICT_OBJC_MSGSEND = YES;
				GCC_C_LANGUAGE_STANDARD = gnu11;
				GCC_NO_COMMON_BLOCKS = YES;
				GCC_WARN_64_TO_32_BIT_CONVERSION = YES;
				GCC_WARN_ABOUT_RETURN_TYPE = YES_ERROR;
				GCC_WARN_UNDECLARED_SELECTOR = YES;
				GCC_WARN_UNINITIALIZED_AUTOS = YES_AGGRESSIVE;
				GCC_WARN_UNUSED_FUNCTION = YES;
				GCC_WARN_UNUSED_VARIABLE = YES;
				IPHONEOS_DEPLOYMENT_TARGET = 14.3;
				MTL_ENABLE_DEBUG_INFO = NO;
				MTL_FAST_MATH = YES;
				SDKROOT = iphoneos;
				SWIFT_COMPILATION_MODE = wholemodule;
				SWIFT_OPTIMIZATION_LEVEL = "-O";
				VALIDATE_PRODUCT = YES;
			};
			name = Release;
		};
		E808C57A259DABA000BE534D /* Debug */ = {
			isa = XCBuildConfiguration;
			baseConfigurationReference = C072260B1A637CFCAB67549B /* Pods-audioPlayer.debug.xcconfig */;
			buildSettings = {
				ASSETCATALOG_COMPILER_APPICON_NAME = AppIcon;
				ASSETCATALOG_COMPILER_GLOBAL_ACCENT_COLOR_NAME = AccentColor;
				CLANG_ENABLE_MODULES = YES;
				CODE_SIGN_STYLE = Automatic;
				DEVELOPMENT_TEAM = T8TD99Y2PZ;
				FRAMEWORK_SEARCH_PATHS = "$(inherited)";
				INFOPLIST_FILE = audioPlayer/Info.plist;
				IPHONEOS_DEPLOYMENT_TARGET = 13.0;
				LD_RUNPATH_SEARCH_PATHS = (
					"$(inherited)",
					"@executable_path/Frameworks",
				);
				PRODUCT_BUNDLE_IDENTIFIER = com.lily.audioPlayer;
				PRODUCT_NAME = "$(TARGET_NAME)";
				SWIFT_OBJC_BRIDGING_HEADER = "audioPlayer/a/audioPlayer-Bridging-Header.h";
				SWIFT_OPTIMIZATION_LEVEL = "-Onone";
				SWIFT_VERSION = 5.0;
				TARGETED_DEVICE_FAMILY = "1,2";
				VALIDATE_WORKSPACE = NO;
			};
			name = Debug;
		};
		E808C57B259DABA000BE534D /* Release */ = {
			isa = XCBuildConfiguration;
			baseConfigurationReference = C0F787AA2C233C8AE8FC68E6 /* Pods-audioPlayer.release.xcconfig */;
			buildSettings = {
				ASSETCATALOG_COMPILER_APPICON_NAME = AppIcon;
				ASSETCATALOG_COMPILER_GLOBAL_ACCENT_COLOR_NAME = AccentColor;
				CLANG_ENABLE_MODULES = YES;
				CODE_SIGN_STYLE = Automatic;
				DEVELOPMENT_TEAM = T8TD99Y2PZ;
				FRAMEWORK_SEARCH_PATHS = "$(inherited)";
				INFOPLIST_FILE = audioPlayer/Info.plist;
				IPHONEOS_DEPLOYMENT_TARGET = 13.0;
				LD_RUNPATH_SEARCH_PATHS = (
					"$(inherited)",
					"@executable_path/Frameworks",
				);
				PRODUCT_BUNDLE_IDENTIFIER = com.lily.audioPlayer;
				PRODUCT_NAME = "$(TARGET_NAME)";
				SWIFT_OBJC_BRIDGING_HEADER = "audioPlayer/a/audioPlayer-Bridging-Header.h";
				SWIFT_VERSION = 5.0;
				TARGETED_DEVICE_FAMILY = "1,2";
				VALIDATE_WORKSPACE = NO;
			};
			name = Release;
		};
/* End XCBuildConfiguration section */

/* Begin XCConfigurationList section */
		E808C560259DAB9E00BE534D /* Build configuration list for PBXProject "audioPlayer" */ = {
			isa = XCConfigurationList;
			buildConfigurations = (
				E808C577259DABA000BE534D /* Debug */,
				E808C578259DABA000BE534D /* Release */,
			);
			defaultConfigurationIsVisible = 0;
			defaultConfigurationName = Release;
		};
		E808C579259DABA000BE534D /* Build configuration list for PBXNativeTarget "audioPlayer" */ = {
			isa = XCConfigurationList;
			buildConfigurations = (
				E808C57A259DABA000BE534D /* Debug */,
				E808C57B259DABA000BE534D /* Release */,
			);
			defaultConfigurationIsVisible = 0;
			defaultConfigurationName = Release;
		};
/* End XCConfigurationList section */
	};
	rootObject = E808C55D259DAB9E00BE534D /* Project object */;
}
